// !$*UTF8*$!
{
	archiveVersion = 1;
	classes = {
	};
	objectVersion = 46;
	objects = {

/* Begin PBXBuildFile section */
		842729E81C8AEF71005AB296 /* NSObject+Model.m in Sources */ = {isa = PBXBuildFile; fileRef = 842729E71C8AEF71005AB296 /* NSObject+Model.m */; };
		842729EB1C8AFB4A005AB296 /* LCUser.m in Sources */ = {isa = PBXBuildFile; fileRef = 842729EA1C8AFB4A005AB296 /* LCUser.m */; };
		84FC0A471C89A67000D06BDE /* main.m in Sources */ = {isa = PBXBuildFile; fileRef = 84FC0A461C89A67000D06BDE /* main.m */; };
		84FC0A4A1C89A67000D06BDE /* AppDelegate.m in Sources */ = {isa = PBXBuildFile; fileRef = 84FC0A491C89A67000D06BDE /* AppDelegate.m */; };
		84FC0A4D1C89A67000D06BDE /* ViewController.m in Sources */ = {isa = PBXBuildFile; fileRef = 84FC0A4C1C89A67000D06BDE /* ViewController.m */; };
		84FC0A501C89A67000D06BDE /* Main.storyboard in Resources */ = {isa = PBXBuildFile; fileRef = 84FC0A4E1C89A67000D06BDE /* Main.storyboard */; };
		84FC0A521C89A67000D06BDE /* Assets.xcassets in Resources */ = {isa = PBXBuildFile; fileRef = 84FC0A511C89A67000D06BDE /* Assets.xcassets */; };
		84FC0A551C89A67000D06BDE /* LaunchScreen.storyboard in Resources */ = {isa = PBXBuildFile; fileRef = 84FC0A531C89A67000D06BDE /* LaunchScreen.storyboard */; };
		84FC0A5E1C89A94000D06BDE /* Person.m in Sources */ = {isa = PBXBuildFile; fileRef = 84FC0A5D1C89A94000D06BDE /* Person.m */; };
		84FC0A611C89ADB300D06BDE /* UIImage+Image.m in Sources */ = {isa = PBXBuildFile; fileRef = 84FC0A601C89ADB300D06BDE /* UIImage+Image.m */; };
		84FC0A641C89C13D00D06BDE /* Person+lc.m in Sources */ = {isa = PBXBuildFile; fileRef = 84FC0A631C89C13D00D06BDE /* Person+lc.m */; };
		84FC0A661C89C6A800D06BDE /* status.plist in Resources */ = {isa = PBXBuildFile; fileRef = 84FC0A651C89C6A800D06BDE /* status.plist */; };
		84FC0A691C89C85F00D06BDE /* LCStatus.m in Sources */ = {isa = PBXBuildFile; fileRef = 84FC0A681C89C85F00D06BDE /* LCStatus.m */; };
		84FC0A6C1C89C8F900D06BDE /* NSDictionary+lc.m in Sources */ = {isa = PBXBuildFile; fileRef = 84FC0A6B1C89C8F900D06BDE /* NSDictionary+lc.m */; };
/* End PBXBuildFile section */

/* Begin PBXFileReference section */
		842729E61C8AEF71005AB296 /* NSObject+Model.h */ = {isa = PBXFileReference; fileEncoding = 4; lastKnownFileType = sourcecode.c.h; path = "NSObject+Model.h"; sourceTree = "<group>"; };
		842729E71C8AEF71005AB296 /* NSObject+Model.m */ = {isa = PBXFileReference; fileEncoding = 4; lastKnownFileType = sourcecode.c.objc; path = "NSObject+Model.m"; sourceTree = "<group>"; };
		842729E91C8AFB4A005AB296 /* LCUser.h */ = {isa = PBXFileReference; fileEncoding = 4; lastKnownFileType = sourcecode.c.h; path = LCUser.h; sourceTree = "<group>"; };
		842729EA1C8AFB4A005AB296 /* LCUser.m */ = {isa = PBXFileReference; fileEncoding = 4; lastKnownFileType = sourcecode.c.objc; path = LCUser.m; sourceTree = "<group>"; };
		84FC0A421C89A67000D06BDE /* Runtime.app */ = {isa = PBXFileReference; explicitFileType = wrapper.application; includeInIndex = 0; path = Runtime.app; sourceTree = BUILT_PRODUCTS_DIR; };
		84FC0A461C89A67000D06BDE /* main.m */ = {isa = PBXFileReference; lastKnownFileType = sourcecode.c.objc; path = main.m; sourceTree = "<group>"; };
		84FC0A481C89A67000D06BDE /* AppDelegate.h */ = {isa = PBXFileReference; lastKnownFileType = sourcecode.c.h; path = AppDelegate.h; sourceTree = "<group>"; };
		84FC0A491C89A67000D06BDE /* AppDelegate.m */ = {isa = PBXFileReference; lastKnownFileType = sourcecode.c.objc; path = AppDelegate.m; sourceTree = "<group>"; };
		84FC0A4B1C89A67000D06BDE /* ViewController.h */ = {isa = PBXFileReference; lastKnownFileType = sourcecode.c.h; path = ViewController.h; sourceTree = "<group>"; };
		84FC0A4C1C89A67000D06BDE /* ViewController.m */ = {isa = PBXFileReference; lastKnownFileType = sourcecode.c.objc; path = ViewController.m; sourceTree = "<group>"; };
		84FC0A4F1C89A67000D06BDE /* Base */ = {isa = PBXFileReference; lastKnownFileType = file.storyboard; name = Base; path = Base.lproj/Main.storyboard; sourceTree = "<group>"; };
		84FC0A511C89A67000D06BDE /* Assets.xcassets */ = {isa = PBXFileReference; lastKnownFileType = folder.assetcatalog; path = Assets.xcassets; sourceTree = "<group>"; };
		84FC0A541C89A67000D06BDE /* Base */ = {isa = PBXFileReference; lastKnownFileType = file.storyboard; name = Base; path = Base.lproj/LaunchScreen.storyboard; sourceTree = "<group>"; };
		84FC0A561C89A67000D06BDE /* Info.plist */ = {isa = PBXFileReference; lastKnownFileType = text.plist.xml; path = Info.plist; sourceTree = "<group>"; };
		84FC0A5C1C89A94000D06BDE /* Person.h */ = {isa = PBXFileReference; fileEncoding = 4; lastKnownFileType = sourcecode.c.h; path = Person.h; sourceTree = "<group>"; };
		84FC0A5D1C89A94000D06BDE /* Person.m */ = {isa = PBXFileReference; fileEncoding = 4; lastKnownFileType = sourcecode.c.objc; path = Person.m; sourceTree = "<group>"; };
		84FC0A5F1C89ADB300D06BDE /* UIImage+Image.h */ = {isa = PBXFileReference; fileEncoding = 4; lastKnownFileType = sourcecode.c.h; path = "UIImage+Image.h"; sourceTree = "<group>"; };
		84FC0A601C89ADB300D06BDE /* UIImage+Image.m */ = {isa = PBXFileReference; fileEncoding = 4; lastKnownFileType = sourcecode.c.objc; path = "UIImage+Image.m"; sourceTree = "<group>"; };
		84FC0A621C89C13D00D06BDE /* Person+lc.h */ = {isa = PBXFileReference; fileEncoding = 4; lastKnownFileType = sourcecode.c.h; path = "Person+lc.h"; sourceTree = "<group>"; };
		84FC0A631C89C13D00D06BDE /* Person+lc.m */ = {isa = PBXFileReference; fileEncoding = 4; lastKnownFileType = sourcecode.c.objc; path = "Person+lc.m"; sourceTree = "<group>"; };
		84FC0A651C89C6A800D06BDE /* status.plist */ = {isa = PBXFileReference; fileEncoding = 4; lastKnownFileType = text.plist.xml; path = status.plist; sourceTree = "<group>"; };
		84FC0A671C89C85F00D06BDE /* LCStatus.h */ = {isa = PBXFileReference; fileEncoding = 4; lastKnownFileType = sourcecode.c.h; path = LCStatus.h; sourceTree = "<group>"; };
		84FC0A681C89C85F00D06BDE /* LCStatus.m */ = {isa = PBXFileReference; fileEncoding = 4; lastKnownFileType = sourcecode.c.objc; path = LCStatus.m; sourceTree = "<group>"; };
		84FC0A6A1C89C8F900D06BDE /* NSDictionary+lc.h */ = {isa = PBXFileReference; fileEncoding = 4; lastKnownFileType = sourcecode.c.h; path = "NSDictionary+lc.h"; sourceTree = "<group>"; };
		84FC0A6B1C89C8F900D06BDE /* NSDictionary+lc.m */ = {isa = PBXFileReference; fileEncoding = 4; lastKnownFileType = sourcecode.c.objc; path = "NSDictionary+lc.m"; sourceTree = "<group>"; };
/* End PBXFileReference section */

/* Begin PBXFrameworksBuildPhase section */
		84FC0A3F1C89A67000D06BDE /* Frameworks */ = {
			isa = PBXFrameworksBuildPhase;
			buildActionMask = 2147483647;
			files = (
			);
			runOnlyForDeploymentPostprocessing = 0;
		};
/* End PBXFrameworksBuildPhase section */

/* Begin PBXGroup section */
		84FC0A391C89A67000D06BDE = {
			isa = PBXGroup;
			children = (
				84FC0A441C89A67000D06BDE /* Runtime */,
				84FC0A431C89A67000D06BDE /* Products */,
			);
			sourceTree = "<group>";
		};
		84FC0A431C89A67000D06BDE /* Products */ = {
			isa = PBXGroup;
			children = (
				84FC0A421C89A67000D06BDE /* Runtime.app */,
			);
			name = Products;
			sourceTree = "<group>";
		};
		84FC0A441C89A67000D06BDE /* Runtime */ = {
			isa = PBXGroup;
			children = (
				84FC0A481C89A67000D06BDE /* AppDelegate.h */,
				84FC0A491C89A67000D06BDE /* AppDelegate.m */,
				84FC0A4B1C89A67000D06BDE /* ViewController.h */,
				84FC0A4C1C89A67000D06BDE /* ViewController.m */,
				84FC0A4E1C89A67000D06BDE /* Main.storyboard */,
				84FC0A511C89A67000D06BDE /* Assets.xcassets */,
				84FC0A531C89A67000D06BDE /* LaunchScreen.storyboard */,
				84FC0A561C89A67000D06BDE /* Info.plist */,
				84FC0A451C89A67000D06BDE /* Supporting Files */,
				84FC0A5C1C89A94000D06BDE /* Person.h */,
				84FC0A5D1C89A94000D06BDE /* Person.m */,
				84FC0A5F1C89ADB300D06BDE /* UIImage+Image.h */,
				84FC0A601C89ADB300D06BDE /* UIImage+Image.m */,
				84FC0A621C89C13D00D06BDE /* Person+lc.h */,
				84FC0A631C89C13D00D06BDE /* Person+lc.m */,
				84FC0A671C89C85F00D06BDE /* LCStatus.h */,
				84FC0A681C89C85F00D06BDE /* LCStatus.m */,
				84FC0A6A1C89C8F900D06BDE /* NSDictionary+lc.h */,
				84FC0A6B1C89C8F900D06BDE /* NSDictionary+lc.m */,
				842729E61C8AEF71005AB296 /* NSObject+Model.h */,
				842729E71C8AEF71005AB296 /* NSObject+Model.m */,
				842729E91C8AFB4A005AB296 /* LCUser.h */,
				842729EA1C8AFB4A005AB296 /* LCUser.m */,
			);
			path = Runtime;
			sourceTree = "<group>";
		};
		84FC0A451C89A67000D06BDE /* Supporting Files */ = {
			isa = PBXGroup;
			children = (
				84FC0A651C89C6A800D06BDE /* status.plist */,
				84FC0A461C89A67000D06BDE /* main.m */,
			);
			name = "Supporting Files";
			sourceTree = "<group>";
		};
/* End PBXGroup section */

/* Begin PBXNativeTarget section */
		84FC0A411C89A67000D06BDE /* Runtime */ = {
			isa = PBXNativeTarget;
			buildConfigurationList = 84FC0A591C89A67000D06BDE /* Build configuration list for PBXNativeTarget "Runtime" */;
			buildPhases = (
				84FC0A3E1C89A67000D06BDE /* Sources */,
				84FC0A3F1C89A67000D06BDE /* Frameworks */,
				84FC0A401C89A67000D06BDE /* Resources */,
			);
			buildRules = (
			);
			dependencies = (
			);
			name = Runtime;
			productName = Runtime;
			productReference = 84FC0A421C89A67000D06BDE /* Runtime.app */;
			productType = "com.apple.product-type.application";
		};
/* End PBXNativeTarget section */

/* Begin PBXProject section */
		84FC0A3A1C89A67000D06BDE /* Project object */ = {
			isa = PBXProject;
			attributes = {
				LastUpgradeCheck = 0710;
				ORGANIZATIONNAME = LC;
				TargetAttributes = {
					84FC0A411C89A67000D06BDE = {
						CreatedOnToolsVersion = 7.1;
					};
				};
			};
			buildConfigurationList = 84FC0A3D1C89A67000D06BDE /* Build configuration list for PBXProject "Runtime" */;
			compatibilityVersion = "Xcode 3.2";
			developmentRegion = English;
			hasScannedForEncodings = 0;
			knownRegions = (
				en,
				Base,
			);
			mainGroup = 84FC0A391C89A67000D06BDE;
			productRefGroup = 84FC0A431C89A67000D06BDE /* Products */;
			projectDirPath = "";
			projectRoot = "";
			targets = (
				84FC0A411C89A67000D06BDE /* Runtime */,
			);
		};
/* End PBXProject section */

/* Begin PBXResourcesBuildPhase section */
		84FC0A401C89A67000D06BDE /* Resources */ = {
			isa = PBXResourcesBuildPhase;
			buildActionMask = 2147483647;
			files = (
				84FC0A551C89A67000D06BDE /* LaunchScreen.storyboard in Resources */,
				84FC0A521C89A67000D06BDE /* Assets.xcassets in Resources */,
				84FC0A661C89C6A800D06BDE /* status.plist in Resources */,
				84FC0A501C89A67000D06BDE /* Main.storyboard in Resources */,
			);
			runOnlyForDeploymentPostprocessing = 0;
		};
/* End PBXResourcesBuildPhase section */

/* Begin PBXSourcesBuildPhase section */
		84FC0A3E1C89A67000D06BDE /* Sources */ = {
			isa = PBXSourcesBuildPhase;
			buildActionMask = 2147483647;
			files = (
				84FC0A4D1C89A67000D06BDE /* ViewController.m in Sources */,
				84FC0A611C89ADB300D06BDE /* UIImage+Image.m in Sources */,
				84FC0A4A1C89A67000D06BDE /* AppDelegate.m in Sources */,
				84FC0A5E1C89A94000D06BDE /* Person.m in Sources */,
				842729E81C8AEF71005AB296 /* NSObject+Model.m in Sources */,
				84FC0A471C89A67000D06BDE /* main.m in Sources */,
				84FC0A6C1C89C8F900D06BDE /* NSDictionary+lc.m in Sources */,
				84FC0A691C89C85F00D06BDE /* LCStatus.m in Sources */,
				84FC0A641C89C13D00D06BDE /* Person+lc.m in Sources */,
				842729EB1C8AFB4A005AB296 /* LCUser.m in Sources */,
			);
			runOnlyForDeploymentPostprocessing = 0;
		};
/* End PBXSourcesBuildPhase section */

/* Begin PBXVariantGroup section */
		84FC0A4E1C89A67000D06BDE /* Main.storyboard */ = {
			isa = PBXVariantGroup;
			children = (
				84FC0A4F1C89A67000D06BDE /* Base */,
			);
			name = Main.storyboard;
			sourceTree = "<group>";
		};
		84FC0A531C89A67000D06BDE /* LaunchScreen.storyboard */ = {
			isa = PBXVariantGroup;
			children = (
				84FC0A541C89A67000D06BDE /* Base */,
			);
			name = LaunchScreen.storyboard;
			sourceTree = "<group>";
		};
/* End PBXVariantGroup section */

/* Begin XCBuildConfiguration section */
		84FC0A571C89A67000D06BDE /* Debug */ = {
			isa = XCBuildConfiguration;
			buildSettings = {
				ALWAYS_SEARCH_USER_PATHS = NO;
				CLANG_CXX_LANGUAGE_STANDARD = "gnu++0x";
				CLANG_CXX_LIBRARY = "libc++";
				CLANG_ENABLE_MODULES = YES;
				CLANG_ENABLE_OBJC_ARC = YES;
				CLANG_WARN_BOOL_CONVERSION = YES;
				CLANG_WARN_CONSTANT_CONVERSION = YES;
				CLANG_WARN_DIRECT_OBJC_ISA_USAGE = YES_ERROR;
				CLANG_WARN_EMPTY_BODY = YES;
				CLANG_WARN_ENUM_CONVERSION = YES;
				CLANG_WARN_INT_CONVERSION = YES;
				CLANG_WARN_OBJC_ROOT_CLASS = YES_ERROR;
				CLANG_WARN_UNREACHABLE_CODE = YES;
				CLANG_WARN__DUPLICATE_METHOD_MATCH = YES;
				"CODE_SIGN_IDENTITY[sdk=iphoneos*]" = "iPhone Developer";
				COPY_PHASE_STRIP = NO;
				DEBUG_INFORMATION_FORMAT = dwarf;
				ENABLE_STRICT_OBJC_MSGSEND = YES;
				ENABLE_TESTABILITY = YES;
				GCC_C_LANGUAGE_STANDARD = gnu99;
				GCC_DYNAMIC_NO_PIC = NO;
				GCC_NO_COMMON_BLOCKS = YES;
				GCC_OPTIMIZATION_LEVEL = 0;
				GCC_PREPROCESSOR_DEFINITIONS = (
					"DEBUG=1",
					"$(inherited)",
				);
				GCC_WARN_64_TO_32_BIT_CONVERSION = YES;
				GCC_WARN_ABOUT_RETURN_TYPE = YES_ERROR;
				GCC_WARN_UNDECLARED_SELECTOR = YES;
				GCC_WARN_UNINITIALIZED_AUTOS = YES_AGGRESSIVE;
				GCC_WARN_UNUSED_FUNCTION = YES;
				GCC_WARN_UNUSED_VARIABLE = YES;
				IPHONEOS_DEPLOYMENT_TARGET = 9.1;
				MTL_ENABLE_DEBUG_INFO = YES;
				ONLY_ACTIVE_ARCH = YES;
				SDKROOT = iphoneos;
			};
			name = Debug;
		};
		84FC0A581C89A67000D06BDE /* Release */ = {
			isa = XCBuildConfiguration;
			buildSettings = {
				ALWAYS_SEARCH_USER_PATHS = NO;
				CLANG_CXX_LANGUAGE_STANDARD = "gnu++0x";
				CLANG_CXX_LIBRARY = "libc++";
				CLANG_ENABLE_MODULES = YES;
				CLANG_ENABLE_OBJC_ARC = YES;
				CLANG_WARN_BOOL_CONVERSION = YES;
				CLANG_WARN_CONSTANT_CONVERSION = YES;
				CLANG_WARN_DIRECT_OBJC_ISA_USAGE = YES_ERROR;
				CLANG_WARN_EMPTY_BODY = YES;
				CLANG_WARN_ENUM_CONVERSION = YES;
				CLANG_WARN_INT_CONVERSION = YES;
				CLANG_WARN_OBJC_ROOT_CLASS = YES_ERROR;
				CLANG_WARN_UNREACHABLE_CODE = YES;
				CLANG_WARN__DUPLICATE_METHOD_MATCH = YES;
				"CODE_SIGN_IDENTITY[sdk=iphoneos*]" = "iPhone Developer";
				COPY_PHASE_STRIP = NO;
				DEBUG_INFORMATION_FORMAT = "dwarf-with-dsym";
				ENABLE_NS_ASSERTIONS = NO;
				ENABLE_STRICT_OBJC_MSGSEND = YES;
				GCC_C_LANGUAGE_STANDARD = gnu99;
				GCC_NO_COMMON_BLOCKS = YES;
				GCC_WARN_64_TO_32_BIT_CONVERSION = YES;
				GCC_WARN_ABOUT_RETURN_TYPE = YES_ERROR;
				GCC_WARN_UNDECLARED_SELECTOR = YES;
				GCC_WARN_UNINITIALIZED_AUTOS = YES_AGGRESSIVE;
				GCC_WARN_UNUSED_FUNCTION = YES;
				GCC_WARN_UNUSED_VARIABLE = YES;
				IPHONEOS_DEPLOYMENT_TARGET = 9.1;
				MTL_ENABLE_DEBUG_INFO = NO;
				SDKROOT = iphoneos;
				VALIDATE_PRODUCT = YES;
			};
			name = Release;
		};
		84FC0A5A1C89A67000D06BDE /* Debug */ = {
			isa = XCBuildConfiguration;
			buildSettings = {
				ASSETCATALOG_COMPILER_APPICON_NAME = AppIcon;
				ENABLE_STRICT_OBJC_MSGSEND = NO;
				INFOPLIST_FILE = Runtime/Info.plist;
				LD_RUNPATH_SEARCH_PATHS = "$(inherited) @executable_path/Frameworks";
				PRODUCT_BUNDLE_IDENTIFIER = com.23.Runtime;
				PRODUCT_NAME = "$(TARGET_NAME)";
			};
			name = Debug;
		};
		84FC0A5B1C89A67000D06BDE /* Release */ = {
			isa = XCBuildConfiguration;
			buildSettings = {
				ASSETCATALOG_COMPILER_APPICON_NAME = AppIcon;
				ENABLE_STRICT_OBJC_MSGSEND = NO;
				INFOPLIST_FILE = Runtime/Info.plist;
				LD_RUNPATH_SEARCH_PATHS = "$(inherited) @executable_path/Frameworks";
				PRODUCT_BUNDLE_IDENTIFIER = com.23.Runtime;
				PRODUCT_NAME = "$(TARGET_NAME)";
			};
			name = Release;
		};
/* End XCBuildConfiguration section */

/* Begin XCConfigurationList section */
		84FC0A3D1C89A67000D06BDE /* Build configuration list for PBXProject "Runtime" */ = {
			isa = XCConfigurationList;
			buildConfigurations = (
				84FC0A571C89A67000D06BDE /* Debug */,
				84FC0A581C89A67000D06BDE /* Release */,
			);
			defaultConfigurationIsVisible = 0;
			defaultConfigurationName = Release;
		};
		84FC0A591C89A67000D06BDE /* Build configuration list for PBXNativeTarget "Runtime" */ = {
			isa = XCConfigurationList;
			buildConfigurations = (
				84FC0A5A1C89A67000D06BDE /* Debug */,
				84FC0A5B1C89A67000D06BDE /* Release */,
			);
			defaultConfigurationIsVisible = 0;
			defaultConfigurationName = Release;
		};
/* End XCConfigurationList section */
	};
	rootObject = 84FC0A3A1C89A67000D06BDE /* Project object */;
}
