// !$*UTF8*$!
{
	archiveVersion = 1;
	classes = {
	};
	objectVersion = 46;
	objects = {

/* Begin PBXBuildFile section */
		8411520F1C9052A5008BE289 /* main.m in Sources */ = {isa = PBXBuildFile; fileRef = 8411520E1C9052A5008BE289 /* main.m */; };
		841152121C9052A5008BE289 /* AppDelegate.m in Sources */ = {isa = PBXBuildFile; fileRef = 841152111C9052A5008BE289 /* AppDelegate.m */; };
		841152151C9052A5008BE289 /* ViewController.m in Sources */ = {isa = PBXBuildFile; fileRef = 841152141C9052A5008BE289 /* ViewController.m */; };
		841152181C9052A5008BE289 /* Main.storyboard in Resources */ = {isa = PBXBuildFile; fileRef = 841152161C9052A5008BE289 /* Main.storyboard */; };
		8411521A1C9052A5008BE289 /* Assets.xcassets in Resources */ = {isa = PBXBuildFile; fileRef = 841152191C9052A5008BE289 /* Assets.xcassets */; };
		8411521D1C9052A5008BE289 /* LaunchScreen.storyboard in Resources */ = {isa = PBXBuildFile; fileRef = 8411521B1C9052A5008BE289 /* LaunchScreen.storyboard */; };
		841152261C905631008BE289 /* TableViewController.m in Sources */ = {isa = PBXBuildFile; fileRef = 841152251C905631008BE289 /* TableViewController.m */; };
		841152291C9056B5008BE289 /* CellItem.m in Sources */ = {isa = PBXBuildFile; fileRef = 841152281C9056B5008BE289 /* CellItem.m */; };
		8411522C1C905BB6008BE289 /* ModalViewController.m in Sources */ = {isa = PBXBuildFile; fileRef = 8411522B1C905BB6008BE289 /* ModalViewController.m */; };
		8411522F1C906BAC008BE289 /* CacultorManager.m in Sources */ = {isa = PBXBuildFile; fileRef = 8411522E1C906BAC008BE289 /* CacultorManager.m */; };
/* End PBXBuildFile section */

/* Begin PBXFileReference section */
		8411520A1C9052A5008BE289 /* block.app */ = {isa = PBXFileReference; explicitFileType = wrapper.application; includeInIndex = 0; path = block.app; sourceTree = BUILT_PRODUCTS_DIR; };
		8411520E1C9052A5008BE289 /* main.m */ = {isa = PBXFileReference; lastKnownFileType = sourcecode.c.objc; path = main.m; sourceTree = "<group>"; };
		841152101C9052A5008BE289 /* AppDelegate.h */ = {isa = PBXFileReference; lastKnownFileType = sourcecode.c.h; path = AppDelegate.h; sourceTree = "<group>"; };
		841152111C9052A5008BE289 /* AppDelegate.m */ = {isa = PBXFileReference; lastKnownFileType = sourcecode.c.objc; path = AppDelegate.m; sourceTree = "<group>"; };
		841152131C9052A5008BE289 /* ViewController.h */ = {isa = PBXFileReference; lastKnownFileType = sourcecode.c.h; path = ViewController.h; sourceTree = "<group>"; };
		841152141C9052A5008BE289 /* ViewController.m */ = {isa = PBXFileReference; lastKnownFileType = sourcecode.c.objc; path = ViewController.m; sourceTree = "<group>"; };
		841152171C9052A5008BE289 /* Base */ = {isa = PBXFileReference; lastKnownFileType = file.storyboard; name = Base; path = Base.lproj/Main.storyboard; sourceTree = "<group>"; };
		841152191C9052A5008BE289 /* Assets.xcassets */ = {isa = PBXFileReference; lastKnownFileType = folder.assetcatalog; path = Assets.xcassets; sourceTree = "<group>"; };
		8411521C1C9052A5008BE289 /* Base */ = {isa = PBXFileReference; lastKnownFileType = file.storyboard; name = Base; path = Base.lproj/LaunchScreen.storyboard; sourceTree = "<group>"; };
		8411521E1C9052A5008BE289 /* Info.plist */ = {isa = PBXFileReference; lastKnownFileType = text.plist.xml; path = Info.plist; sourceTree = "<group>"; };
		841152241C905631008BE289 /* TableViewController.h */ = {isa = PBXFileReference; fileEncoding = 4; lastKnownFileType = sourcecode.c.h; path = TableViewController.h; sourceTree = "<group>"; };
		841152251C905631008BE289 /* TableViewController.m */ = {isa = PBXFileReference; fileEncoding = 4; lastKnownFileType = sourcecode.c.objc; path = TableViewController.m; sourceTree = "<group>"; };
		841152271C9056B5008BE289 /* CellItem.h */ = {isa = PBXFileReference; fileEncoding = 4; lastKnownFileType = sourcecode.c.h; path = CellItem.h; sourceTree = "<group>"; };
		841152281C9056B5008BE289 /* CellItem.m */ = {isa = PBXFileReference; fileEncoding = 4; lastKnownFileType = sourcecode.c.objc; path = CellItem.m; sourceTree = "<group>"; };
		8411522A1C905BB6008BE289 /* ModalViewController.h */ = {isa = PBXFileReference; fileEncoding = 4; lastKnownFileType = sourcecode.c.h; path = ModalViewController.h; sourceTree = "<group>"; };
		8411522B1C905BB6008BE289 /* ModalViewController.m */ = {isa = PBXFileReference; fileEncoding = 4; lastKnownFileType = sourcecode.c.objc; path = ModalViewController.m; sourceTree = "<group>"; };
		8411522D1C906BAC008BE289 /* CacultorManager.h */ = {isa = PBXFileReference; fileEncoding = 4; lastKnownFileType = sourcecode.c.h; path = CacultorManager.h; sourceTree = "<group>"; };
		8411522E1C906BAC008BE289 /* CacultorManager.m */ = {isa = PBXFileReference; fileEncoding = 4; lastKnownFileType = sourcecode.c.objc; path = CacultorManager.m; sourceTree = "<group>"; };
/* End PBXFileReference section */

/* Begin PBXFrameworksBuildPhase section */
		841152071C9052A5008BE289 /* Frameworks */ = {
			isa = PBXFrameworksBuildPhase;
			buildActionMask = 2147483647;
			files = (
			);
			runOnlyForDeploymentPostprocessing = 0;
		};
/* End PBXFrameworksBuildPhase section */

/* Begin PBXGroup section */
		841152011C9052A5008BE289 = {
			isa = PBXGroup;
			children = (
				8411520C1C9052A5008BE289 /* block */,
				8411520B1C9052A5008BE289 /* Products */,
			);
			sourceTree = "<group>";
		};
		8411520B1C9052A5008BE289 /* Products */ = {
			isa = PBXGroup;
			children = (
				8411520A1C9052A5008BE289 /* block.app */,
			);
			name = Products;
			sourceTree = "<group>";
		};
		8411520C1C9052A5008BE289 /* block */ = {
			isa = PBXGroup;
			children = (
				841152101C9052A5008BE289 /* AppDelegate.h */,
				841152111C9052A5008BE289 /* AppDelegate.m */,
				841152131C9052A5008BE289 /* ViewController.h */,
				841152141C9052A5008BE289 /* ViewController.m */,
				841152161C9052A5008BE289 /* Main.storyboard */,
				841152191C9052A5008BE289 /* Assets.xcassets */,
				8411521B1C9052A5008BE289 /* LaunchScreen.storyboard */,
				8411521E1C9052A5008BE289 /* Info.plist */,
				8411520D1C9052A5008BE289 /* Supporting Files */,
				841152241C905631008BE289 /* TableViewController.h */,
				841152251C905631008BE289 /* TableViewController.m */,
				841152271C9056B5008BE289 /* CellItem.h */,
				841152281C9056B5008BE289 /* CellItem.m */,
				8411522A1C905BB6008BE289 /* ModalViewController.h */,
				8411522B1C905BB6008BE289 /* ModalViewController.m */,
				8411522D1C906BAC008BE289 /* CacultorManager.h */,
				8411522E1C906BAC008BE289 /* CacultorManager.m */,
			);
			path = block;
			sourceTree = "<group>";
		};
		8411520D1C9052A5008BE289 /* Supporting Files */ = {
			isa = PBXGroup;
			children = (
				8411520E1C9052A5008BE289 /* main.m */,
			);
			name = "Supporting Files";
			sourceTree = "<group>";
		};
/* End PBXGroup section */

/* Begin PBXNativeTarget section */
		841152091C9052A5008BE289 /* block */ = {
			isa = PBXNativeTarget;
			buildConfigurationList = 841152211C9052A5008BE289 /* Build configuration list for PBXNativeTarget "block" */;
			buildPhases = (
				841152061C9052A5008BE289 /* Sources */,
				841152071C9052A5008BE289 /* Frameworks */,
				841152081C9052A5008BE289 /* Resources */,
			);
			buildRules = (
			);
			dependencies = (
			);
			name = block;
			productName = block;
			productReference = 8411520A1C9052A5008BE289 /* block.app */;
			productType = "com.apple.product-type.application";
		};
/* End PBXNativeTarget section */

/* Begin PBXProject section */
		841152021C9052A5008BE289 /* Project object */ = {
			isa = PBXProject;
			attributes = {
				LastUpgradeCheck = 0710;
				ORGANIZATIONNAME = LC;
				TargetAttributes = {
					841152091C9052A5008BE289 = {
						CreatedOnToolsVersion = 7.1;
					};
				};
			};
			buildConfigurationList = 841152051C9052A5008BE289 /* Build configuration list for PBXProject "block" */;
			compatibilityVersion = "Xcode 3.2";
			developmentRegion = English;
			hasScannedForEncodings = 0;
			knownRegions = (
				en,
				Base,
			);
			mainGroup = 841152011C9052A5008BE289;
			productRefGroup = 8411520B1C9052A5008BE289 /* Products */;
			projectDirPath = "";
			projectRoot = "";
			targets = (
				841152091C9052A5008BE289 /* block */,
			);
		};
/* End PBXProject section */

/* Begin PBXResourcesBuildPhase section */
		841152081C9052A5008BE289 /* Resources */ = {
			isa = PBXResourcesBuildPhase;
			buildActionMask = 2147483647;
			files = (
				8411521D1C9052A5008BE289 /* LaunchScreen.storyboard in Resources */,
				8411521A1C9052A5008BE289 /* Assets.xcassets in Resources */,
				841152181C9052A5008BE289 /* Main.storyboard in Resources */,
			);
			runOnlyForDeploymentPostprocessing = 0;
		};
/* End PBXResourcesBuildPhase section */

/* Begin PBXSourcesBuildPhase section */
		841152061C9052A5008BE289 /* Sources */ = {
			isa = PBXSourcesBuildPhase;
			buildActionMask = 2147483647;
			files = (
				841152151C9052A5008BE289 /* ViewController.m in Sources */,
				841152121C9052A5008BE289 /* AppDelegate.m in Sources */,
				8411522C1C905BB6008BE289 /* ModalViewController.m in Sources */,
				841152291C9056B5008BE289 /* CellItem.m in Sources */,
				8411520F1C9052A5008BE289 /* main.m in Sources */,
				841152261C905631008BE289 /* TableViewController.m in Sources */,
				8411522F1C906BAC008BE289 /* CacultorManager.m in Sources */,
			);
			runOnlyForDeploymentPostprocessing = 0;
		};
/* End PBXSourcesBuildPhase section */

/* Begin PBXVariantGroup section */
		841152161C9052A5008BE289 /* Main.storyboard */ = {
			isa = PBXVariantGroup;
			children = (
				841152171C9052A5008BE289 /* Base */,
			);
			name = Main.storyboard;
			sourceTree = "<group>";
		};
		8411521B1C9052A5008BE289 /* LaunchScreen.storyboard */ = {
			isa = PBXVariantGroup;
			children = (
				8411521C1C9052A5008BE289 /* Base */,
			);
			name = LaunchScreen.storyboard;
			sourceTree = "<group>";
		};
/* End PBXVariantGroup section */

/* Begin XCBuildConfiguration section */
		8411521F1C9052A5008BE289 /* Debug */ = {
			isa = XCBuildConfiguration;
			buildSettings = {
				ALWAYS_SEARCH_USER_PATHS = NO;
				CLANG_CXX_LANGUAGE_STANDARD = "gnu++0x";
				CLANG_CXX_LIBRARY = "libc++";
				CLANG_ENABLE_MODULES = YES;
				CLANG_ENABLE_OBJC_ARC = YES;
				CLANG_WARN_BOOL_CONVERSION = YES;
				CLANG_WARN_CONSTANT_CONVERSION = YES;
				CLANG_WARN_DIRECT_OBJC_ISA_USAGE = YES_ERROR;
				CLANG_WARN_EMPTY_BODY = YES;
				CLANG_WARN_ENUM_CONVERSION = YES;
				CLANG_WARN_INT_CONVERSION = YES;
				CLANG_WARN_OBJC_ROOT_CLASS = YES_ERROR;
				CLANG_WARN_UNREACHABLE_CODE = YES;
				CLANG_WARN__DUPLICATE_METHOD_MATCH = YES;
				"CODE_SIGN_IDENTITY[sdk=iphoneos*]" = "iPhone Developer";
				COPY_PHASE_STRIP = NO;
				DEBUG_INFORMATION_FORMAT = dwarf;
				ENABLE_STRICT_OBJC_MSGSEND = YES;
				ENABLE_TESTABILITY = YES;
				GCC_C_LANGUAGE_STANDARD = gnu99;
				GCC_DYNAMIC_NO_PIC = NO;
				GCC_NO_COMMON_BLOCKS = YES;
				GCC_OPTIMIZATION_LEVEL = 0;
				GCC_PREPROCESSOR_DEFINITIONS = (
					"DEBUG=1",
					"$(inherited)",
				);
				GCC_WARN_64_TO_32_BIT_CONVERSION = YES;
				GCC_WARN_ABOUT_RETURN_TYPE = YES_ERROR;
				GCC_WARN_UNDECLARED_SELECTOR = YES;
				GCC_WARN_UNINITIALIZED_AUTOS = YES_AGGRESSIVE;
				GCC_WARN_UNUSED_FUNCTION = YES;
				GCC_WARN_UNUSED_VARIABLE = YES;
				IPHONEOS_DEPLOYMENT_TARGET = 9.1;
				MTL_ENABLE_DEBUG_INFO = YES;
				ONLY_ACTIVE_ARCH = YES;
				SDKROOT = iphoneos;
			};
			name = Debug;
		};
		841152201C9052A5008BE289 /* Release */ = {
			isa = XCBuildConfiguration;
			buildSettings = {
				ALWAYS_SEARCH_USER_PATHS = NO;
				CLANG_CXX_LANGUAGE_STANDARD = "gnu++0x";
				CLANG_CXX_LIBRARY = "libc++";
				CLANG_ENABLE_MODULES = YES;
				CLANG_ENABLE_OBJC_ARC = YES;
				CLANG_WARN_BOOL_CONVERSION = YES;
				CLANG_WARN_CONSTANT_CONVERSION = YES;
				CLANG_WARN_DIRECT_OBJC_ISA_USAGE = YES_ERROR;
				CLANG_WARN_EMPTY_BODY = YES;
				CLANG_WARN_ENUM_CONVERSION = YES;
				CLANG_WARN_INT_CONVERSION = YES;
				CLANG_WARN_OBJC_ROOT_CLASS = YES_ERROR;
				CLANG_WARN_UNREACHABLE_CODE = YES;
				CLANG_WARN__DUPLICATE_METHOD_MATCH = YES;
				"CODE_SIGN_IDENTITY[sdk=iphoneos*]" = "iPhone Developer";
				COPY_PHASE_STRIP = NO;
				DEBUG_INFORMATION_FORMAT = "dwarf-with-dsym";
				ENABLE_NS_ASSERTIONS = NO;
				ENABLE_STRICT_OBJC_MSGSEND = YES;
				GCC_C_LANGUAGE_STANDARD = gnu99;
				GCC_NO_COMMON_BLOCKS = YES;
				GCC_WARN_64_TO_32_BIT_CONVERSION = YES;
				GCC_WARN_ABOUT_RETURN_TYPE = YES_ERROR;
				GCC_WARN_UNDECLARED_SELECTOR = YES;
				GCC_WARN_UNINITIALIZED_AUTOS = YES_AGGRESSIVE;
				GCC_WARN_UNUSED_FUNCTION = YES;
				GCC_WARN_UNUSED_VARIABLE = YES;
				IPHONEOS_DEPLOYMENT_TARGET = 9.1;
				MTL_ENABLE_DEBUG_INFO = NO;
				SDKROOT = iphoneos;
				VALIDATE_PRODUCT = YES;
			};
			name = Release;
		};
		841152221C9052A5008BE289 /* Debug */ = {
			isa = XCBuildConfiguration;
			buildSettings = {
				ASSETCATALOG_COMPILER_APPICON_NAME = AppIcon;
				INFOPLIST_FILE = block/Info.plist;
				LD_RUNPATH_SEARCH_PATHS = "$(inherited) @executable_path/Frameworks";
				PRODUCT_BUNDLE_IDENTIFIER = com.23.block;
				PRODUCT_NAME = "$(TARGET_NAME)";
			};
			name = Debug;
		};
		841152231C9052A5008BE289 /* Release */ = {
			isa = XCBuildConfiguration;
			buildSettings = {
				ASSETCATALOG_COMPILER_APPICON_NAME = AppIcon;
				INFOPLIST_FILE = block/Info.plist;
				LD_RUNPATH_SEARCH_PATHS = "$(inherited) @executable_path/Frameworks";
				PRODUCT_BUNDLE_IDENTIFIER = com.23.block;
				PRODUCT_NAME = "$(TARGET_NAME)";
			};
			name = Release;
		};
/* End XCBuildConfiguration section */

/* Begin XCConfigurationList section */
		841152051C9052A5008BE289 /* Build configuration list for PBXProject "block" */ = {
			isa = XCConfigurationList;
			buildConfigurations = (
				8411521F1C9052A5008BE289 /* Debug */,
				841152201C9052A5008BE289 /* Release */,
			);
			defaultConfigurationIsVisible = 0;
			defaultConfigurationName = Release;
		};
		841152211C9052A5008BE289 /* Build configuration list for PBXNativeTarget "block" */ = {
			isa = XCConfigurationList;
			buildConfigurations = (
				841152221C9052A5008BE289 /* Debug */,
				841152231C9052A5008BE289 /* Release */,
			);
			defaultConfigurationIsVisible = 0;
		};
/* End XCConfigurationList section */
	};
	rootObject = 841152021C9052A5008BE289 /* Project object */;
}
